
Microsoft Visual Studio Solution File, Format Version 12.00
# Visual Studio Version 16
VisualStudioVersion = 16.0.30011.22
MinimumVisualStudioVersion = 10.0.40219.1
Project("{FAE04EC0-301F-11D3-BF4B-00C04F79EFBC}") = "TestMetricApp", "TestMetricApp\TestMetricApp.csproj", "{F32C103F-D717-4BC8-B8F4-53A1004FC341}"
EndProject
Project("{FAE04EC0-301F-11D3-BF4B-00C04F79EFBC}") = "TestLib", "TestLib\TestLib.csproj", "{43AEC30E-70E8-4EB9-9A9D-8394BC6D92C0}"
EndProject
Project("{FAE04EC0-301F-11D3-BF4B-00C04F79EFBC}") = "UnitTestProject", "UnitTestProject\UnitTestProject.csproj", "{503FD235-C23B-4D4D-BA12-D65BF0AEA700}"
EndProject
Global
	GlobalSection(SolutionConfigurationPlatforms) = preSolution
		Debug|Any CPU = Debug|Any CPU
		Release|Any CPU = Release|Any CPU
	EndGlobalSection
	GlobalSection(ProjectConfigurationPlatforms) = postSolution
		{F32C103F-D717-4BC8-B8F4-53A1004FC341}.Debug|Any CPU.ActiveCfg = Debug|Any CPU
		{F32C103F-D717-4BC8-B8F4-53A1004FC341}.Debug|Any CPU.Build.0 = Debug|Any CPU
		{F32C103F-D717-4BC8-B8F4-53A1004FC341}.Release|Any CPU.ActiveCfg = Release|Any CPU
		{F32C103F-D717-4BC8-B8F4-53A1004FC341}.Release|Any CPU.Build.0 = Release|Any CPU
		{43AEC30E-70E8-4EB9-9A9D-8394BC6D92C0}.Debug|Any CPU.ActiveCfg = Debug|Any CPU
		{43AEC30E-70E8-4EB9-9A9D-8394BC6D92C0}.Debug|Any CPU.Build.0 = Debug|Any CPU
		{43AEC30E-70E8-4EB9-9A9D-8394BC6D92C0}.Release|Any CPU.ActiveCfg = Release|Any CPU
		{43AEC30E-70E8-4EB9-9A9D-8394BC6D92C0}.Release|Any CPU.Build.0 = Release|Any CPU
		{503FD235-C23B-4D4D-BA12-D65BF0AEA700}.Debug|Any CPU.ActiveCfg = Debug|Any CPU
		{503FD235-C23B-4D4D-BA12-D65BF0AEA700}.Debug|Any CPU.Build.0 = Debug|Any CPU
		{503FD235-C23B-4D4D-BA12-D65BF0AEA700}.Release|Any CPU.ActiveCfg = Release|Any CPU
		{503FD235-C23B-4D4D-BA12-D65BF0AEA700}.Release|Any CPU.Build.0 = Release|Any CPU
	EndGlobalSection
	GlobalSection(SolutionProperties) = preSolution
		HideSolutionNode = FALSE
	EndGlobalSection
	GlobalSection(ExtensibilityGlobals) = postSolution
		SolutionGuid = {BD0EB095-CD84-4DCD-97B6-590D2AF6E890}
	EndGlobalSection
EndGlobal
